{
  "name": "me",
  "lockfileVersion": 3,
  "requires": true,
  "packages": {
    "": {
      "dependencies": {
        "vec-la": "^1.5.0"
      }
    },
    "node_modules/vec-la": {
      "version": "1.5.0",
      "resolved": "https://registry.npmjs.org/vec-la/-/vec-la-1.5.0.tgz",
      "integrity": "sha512-XKjE9qYtOgpAS1xRMTqeII7oFdolanVqrzl2KngiH8xiExCdWDLOYDwSLKHkmXadbU+JSP9Poy0v+xmYlkxUAg=="
    }
  }
}
